
Microsoft Visual Studio Solution File, Format Version 12.00
# Visual Studio Version 17
VisualStudioVersion = 17.5.33516.290
MinimumVisualStudioVersion = 10.0.40219.1
Project("{FAE04EC0-301F-11D3-BF4B-00C04F79EFBC}") = "User Management", "User Management.csproj", "{D268D1EC-8A87-41B8-B76B-E65D42E58401}"
EndProject
Project("{54435603-DBB4-11D2-8724-00A0C9A8B90C}") = "PH1_THUCTHI", "..\PH1_THUCTHI\PH1_THUCTHI.vdproj", "{ECC62BA3-228B-496E-A0A6-A13A227C2064}"
EndProject
Global
	GlobalSection(SolutionConfigurationPlatforms) = preSolution
		Debug|Any CPU = Debug|Any CPU
		Release|Any CPU = Release|Any CPU
	EndGlobalSection
	GlobalSection(ProjectConfigurationPlatforms) = postSolution
		{D268D1EC-8A87-41B8-B76B-E65D42E58401}.Debug|Any CPU.ActiveCfg = Debug|Any CPU
		{D268D1EC-8A87-41B8-B76B-E65D42E58401}.Debug|Any CPU.Build.0 = Debug|Any CPU
		{D268D1EC-8A87-41B8-B76B-E65D42E58401}.Release|Any CPU.ActiveCfg = Release|Any CPU
		{D268D1EC-8A87-41B8-B76B-E65D42E58401}.Release|Any CPU.Build.0 = Release|Any CPU
		{ECC62BA3-228B-496E-A0A6-A13A227C2064}.Debug|Any CPU.ActiveCfg = Debug
		{ECC62BA3-228B-496E-A0A6-A13A227C2064}.Release|Any CPU.ActiveCfg = Release
	EndGlobalSection
	GlobalSection(SolutionProperties) = preSolution
		HideSolutionNode = FALSE
	EndGlobalSection
	GlobalSection(ExtensibilityGlobals) = postSolution
		SolutionGuid = {3D793461-B0A7-4C7A-871F-B8E2F082D2D5}
	EndGlobalSection
EndGlobal
